{
  "name": "node_basics",
  "version": "1.0.0",
  "lockfileVersion": 2,
  "requires": true,
  "packages": {
    "": {
      "name": "node_basics",
      "version": "1.0.0",
      "license": "ISC",
      "dependencies": {
        "battery": "^0.1.0",
        "systeminformation": "^5.17.12"
      },
      "devDependencies": {
        "@types/node": "^18.16.3",
        "typescript": "^5.0.4"
      }
    },
    "node_modules/@types/node": {
      "version": "18.16.3",
      "resolved": "https://registry.npmjs.org/@types/node/-/node-18.16.3.tgz",
      "integrity": "sha512-OPs5WnnT1xkCBiuQrZA4+YAV4HEJejmHneyraIaxsbev5yCEr6KMwINNFP9wQeFIw8FWcoTqF3vQsa5CDaI+8Q==",
      "dev": true
    },
    "node_modules/battery": {
      "version": "0.1.0",
      "resolved": "https://registry.npmjs.org/battery/-/battery-0.1.0.tgz",
      "integrity": "sha512-1sLZd9gRNzzoFP1CA64Bgrc4TMe8a5AAGgY/OuEBL/y4iI4QW7Q2DHRA7WDXjie1qAqBRfhOyvx3EK3qrWLIIQ==",
      "deprecated": "Use battery-cli.",
      "bin": {
        "battery": "index.sh"
      }
    },
    "node_modules/systeminformation": {
      "version": "5.17.12",
      "resolved": "https://registry.npmjs.org/systeminformation/-/systeminformation-5.17.12.tgz",
      "integrity": "sha512-I3pfMW2vue53u+X08BNxaJieaHkRoMMKjWetY9lbYJeWFaeWPO6P4FkNc4XOCX8F9vbQ0HqQ25RJoz3U/B7liw==",
      "os": [
        "darwin",
        "linux",
        "win32",
        "freebsd",
        "openbsd",
        "netbsd",
        "sunos",
        "android"
      ],
      "bin": {
        "systeminformation": "lib/cli.js"
      },
      "engines": {
        "node": ">=8.0.0"
      },
      "funding": {
        "type": "Buy me a coffee",
        "url": "https://www.buymeacoffee.com/systeminfo"
      }
    },
    "node_modules/typescript": {
      "version": "5.0.4",
      "resolved": "https://registry.npmjs.org/typescript/-/typescript-5.0.4.tgz",
      "integrity": "sha512-cW9T5W9xY37cc+jfEnaUvX91foxtHkza3Nw3wkoF4sSlKn0MONdkdEndig/qPBWXNkmplh3NzayQzCiHM4/hqw==",
      "dev": true,
      "bin": {
        "tsc": "bin/tsc",
        "tsserver": "bin/tsserver"
      },
      "engines": {
        "node": ">=12.20"
      }
    }
  },
  "dependencies": {
    "@types/node": {
      "version": "18.16.3",
      "resolved": "https://registry.npmjs.org/@types/node/-/node-18.16.3.tgz",
      "integrity": "sha512-OPs5WnnT1xkCBiuQrZA4+YAV4HEJejmHneyraIaxsbev5yCEr6KMwINNFP9wQeFIw8FWcoTqF3vQsa5CDaI+8Q==",
      "dev": true
    },
    "battery": {
      "version": "0.1.0",
      "resolved": "https://registry.npmjs.org/battery/-/battery-0.1.0.tgz",
      "integrity": "sha512-1sLZd9gRNzzoFP1CA64Bgrc4TMe8a5AAGgY/OuEBL/y4iI4QW7Q2DHRA7WDXjie1qAqBRfhOyvx3EK3qrWLIIQ=="
    },
    "systeminformation": {
      "version": "5.17.12",
      "resolved": "https://registry.npmjs.org/systeminformation/-/systeminformation-5.17.12.tgz",
      "integrity": "sha512-I3pfMW2vue53u+X08BNxaJieaHkRoMMKjWetY9lbYJeWFaeWPO6P4FkNc4XOCX8F9vbQ0HqQ25RJoz3U/B7liw=="
    },
    "typescript": {
      "version": "5.0.4",
      "resolved": "https://registry.npmjs.org/typescript/-/typescript-5.0.4.tgz",
      "integrity": "sha512-cW9T5W9xY37cc+jfEnaUvX91foxtHkza3Nw3wkoF4sSlKn0MONdkdEndig/qPBWXNkmplh3NzayQzCiHM4/hqw==",
      "dev": true
    }
  }
}
